
Microsoft Visual Studio Solution File, Format Version 12.00
# Visual Studio 2013
Project("{FAE04EC0-301F-11D3-BF4B-00C04F79EFBC}") = "JianNingLu.CSharp", "JianNingLu.CSharp.csproj", "{4F97FA07-37F2-D9FE-228B-36A804E4D0C0}"
EndProject
Project("{FAE04EC0-301F-11D3-BF4B-00C04F79EFBC}") = "JianNingLu.CSharp.Editor", "JianNingLu.CSharp.Editor.csproj", "{EFD62BAF-EA84-38D4-7667-E821ECC15452}"
EndProject
Global
	GlobalSection(SolutionConfigurationPlatforms) = preSolution
		Debug|Any CPU = Debug|Any CPU
		Release|Any CPU = Release|Any CPU
	EndGlobalSection
	GlobalSection(ProjectConfigurationPlatforms) = postSolution
		{4F97FA07-37F2-D9FE-228B-36A804E4D0C0}.Debug|Any CPU.ActiveCfg = Debug|Any CPU
		{4F97FA07-37F2-D9FE-228B-36A804E4D0C0}.Debug|Any CPU.Build.0 = Debug|Any CPU
		{4F97FA07-37F2-D9FE-228B-36A804E4D0C0}.Release|Any CPU.ActiveCfg = Release|Any CPU
		{4F97FA07-37F2-D9FE-228B-36A804E4D0C0}.Release|Any CPU.Build.0 = Release|Any CPU
		{EFD62BAF-EA84-38D4-7667-E821ECC15452}.Debug|Any CPU.ActiveCfg = Debug|Any CPU
		{EFD62BAF-EA84-38D4-7667-E821ECC15452}.Debug|Any CPU.Build.0 = Debug|Any CPU
		{EFD62BAF-EA84-38D4-7667-E821ECC15452}.Release|Any CPU.ActiveCfg = Release|Any CPU
		{EFD62BAF-EA84-38D4-7667-E821ECC15452}.Release|Any CPU.Build.0 = Release|Any CPU
	EndGlobalSection
	GlobalSection(SolutionProperties) = preSolution
		HideSolutionNode = FALSE
	EndGlobalSection
EndGlobal
