
Microsoft Visual Studio Solution File, Format Version 12.00
# Visual Studio 2013
Project("{FAE04EC0-301F-11D3-BF4B-00C04F79EFBC}") = "yangjichang.CSharp.Plugins", "yangjichang.CSharp.Plugins.csproj", "{3AAE0676-C9E1-1D50-19B7-EF8234DBA3FB}"
EndProject
Project("{FAE04EC0-301F-11D3-BF4B-00C04F79EFBC}") = "yangjichang.CSharp", "yangjichang.CSharp.csproj", "{83DB3542-B33E-C901-8863-239E3712843F}"
EndProject
Project("{FAE04EC0-301F-11D3-BF4B-00C04F79EFBC}") = "yangjichang.CSharp.Editor", "yangjichang.CSharp.Editor.csproj", "{1AF9B878-8863-72FD-45B5-4987286179B1}"
EndProject
Global
	GlobalSection(SolutionConfigurationPlatforms) = preSolution
		Debug|Any CPU = Debug|Any CPU
		Release|Any CPU = Release|Any CPU
	EndGlobalSection
	GlobalSection(ProjectConfigurationPlatforms) = postSolution
		{3AAE0676-C9E1-1D50-19B7-EF8234DBA3FB}.Debug|Any CPU.ActiveCfg = Debug|Any CPU
		{3AAE0676-C9E1-1D50-19B7-EF8234DBA3FB}.Debug|Any CPU.Build.0 = Debug|Any CPU
		{3AAE0676-C9E1-1D50-19B7-EF8234DBA3FB}.Release|Any CPU.ActiveCfg = Release|Any CPU
		{3AAE0676-C9E1-1D50-19B7-EF8234DBA3FB}.Release|Any CPU.Build.0 = Release|Any CPU
		{83DB3542-B33E-C901-8863-239E3712843F}.Debug|Any CPU.ActiveCfg = Debug|Any CPU
		{83DB3542-B33E-C901-8863-239E3712843F}.Debug|Any CPU.Build.0 = Debug|Any CPU
		{83DB3542-B33E-C901-8863-239E3712843F}.Release|Any CPU.ActiveCfg = Release|Any CPU
		{83DB3542-B33E-C901-8863-239E3712843F}.Release|Any CPU.Build.0 = Release|Any CPU
		{1AF9B878-8863-72FD-45B5-4987286179B1}.Debug|Any CPU.ActiveCfg = Debug|Any CPU
		{1AF9B878-8863-72FD-45B5-4987286179B1}.Debug|Any CPU.Build.0 = Debug|Any CPU
		{1AF9B878-8863-72FD-45B5-4987286179B1}.Release|Any CPU.ActiveCfg = Release|Any CPU
		{1AF9B878-8863-72FD-45B5-4987286179B1}.Release|Any CPU.Build.0 = Release|Any CPU
	EndGlobalSection
	GlobalSection(SolutionProperties) = preSolution
		HideSolutionNode = FALSE
	EndGlobalSection
EndGlobal
