
Microsoft Visual Studio Solution File, Format Version 12.00
# Visual Studio 2013
Project("{FAE04EC0-301F-11D3-BF4B-00C04F79EFBC}") = "MVC_ShiYanShi.CSharp", "MVC_ShiYanShi.CSharp.csproj", "{F4B6845C-40A5-06C3-E7CE-D11402B85E9B}"
EndProject
Project("{FAE04EC0-301F-11D3-BF4B-00C04F79EFBC}") = "MVC_ShiYanShi.CSharp.Editor", "MVC_ShiYanShi.CSharp.Editor.csproj", "{976C9970-5C1F-2304-806C-D13A0775979C}"
EndProject
Global
	GlobalSection(SolutionConfigurationPlatforms) = preSolution
		Debug|Any CPU = Debug|Any CPU
		Release|Any CPU = Release|Any CPU
	EndGlobalSection
	GlobalSection(ProjectConfigurationPlatforms) = postSolution
		{F4B6845C-40A5-06C3-E7CE-D11402B85E9B}.Debug|Any CPU.ActiveCfg = Debug|Any CPU
		{F4B6845C-40A5-06C3-E7CE-D11402B85E9B}.Debug|Any CPU.Build.0 = Debug|Any CPU
		{F4B6845C-40A5-06C3-E7CE-D11402B85E9B}.Release|Any CPU.ActiveCfg = Release|Any CPU
		{F4B6845C-40A5-06C3-E7CE-D11402B85E9B}.Release|Any CPU.Build.0 = Release|Any CPU
		{976C9970-5C1F-2304-806C-D13A0775979C}.Debug|Any CPU.ActiveCfg = Debug|Any CPU
		{976C9970-5C1F-2304-806C-D13A0775979C}.Debug|Any CPU.Build.0 = Debug|Any CPU
		{976C9970-5C1F-2304-806C-D13A0775979C}.Release|Any CPU.ActiveCfg = Release|Any CPU
		{976C9970-5C1F-2304-806C-D13A0775979C}.Release|Any CPU.Build.0 = Release|Any CPU
	EndGlobalSection
	GlobalSection(SolutionProperties) = preSolution
		HideSolutionNode = FALSE
	EndGlobalSection
EndGlobal
