
Microsoft Visual Studio Solution File, Format Version 12.00
# Visual Studio 2013
Project("{FAE04EC0-301F-11D3-BF4B-00C04F79EFBC}") = "ShiYanShi_New.CSharp", "ShiYanShi_New.CSharp.csproj", "{D9AC5882-5FF6-EEE9-7642-22CE9C644B45}"
EndProject
Project("{FAE04EC0-301F-11D3-BF4B-00C04F79EFBC}") = "ShiYanShi_New.CSharp.Editor", "ShiYanShi_New.CSharp.Editor.csproj", "{BDF884F1-C909-E586-967A-6AFBF87B8F00}"
EndProject
Global
	GlobalSection(SolutionConfigurationPlatforms) = preSolution
		Debug|Any CPU = Debug|Any CPU
		Release|Any CPU = Release|Any CPU
	EndGlobalSection
	GlobalSection(ProjectConfigurationPlatforms) = postSolution
		{D9AC5882-5FF6-EEE9-7642-22CE9C644B45}.Debug|Any CPU.ActiveCfg = Debug|Any CPU
		{D9AC5882-5FF6-EEE9-7642-22CE9C644B45}.Debug|Any CPU.Build.0 = Debug|Any CPU
		{D9AC5882-5FF6-EEE9-7642-22CE9C644B45}.Release|Any CPU.ActiveCfg = Release|Any CPU
		{D9AC5882-5FF6-EEE9-7642-22CE9C644B45}.Release|Any CPU.Build.0 = Release|Any CPU
		{BDF884F1-C909-E586-967A-6AFBF87B8F00}.Debug|Any CPU.ActiveCfg = Debug|Any CPU
		{BDF884F1-C909-E586-967A-6AFBF87B8F00}.Debug|Any CPU.Build.0 = Debug|Any CPU
		{BDF884F1-C909-E586-967A-6AFBF87B8F00}.Release|Any CPU.ActiveCfg = Release|Any CPU
		{BDF884F1-C909-E586-967A-6AFBF87B8F00}.Release|Any CPU.Build.0 = Release|Any CPU
	EndGlobalSection
	GlobalSection(SolutionProperties) = preSolution
		HideSolutionNode = FALSE
	EndGlobalSection
EndGlobal
