
Microsoft Visual Studio Solution File, Format Version 12.00
# Visual Studio 2013
Project("{FAE04EC0-301F-11D3-BF4B-00C04F79EFBC}") = "ShiYanShi_Version.CSharp", "ShiYanShi_Version.CSharp.csproj", "{399EF1BF-99D7-92E8-DD17-E496AC2BF30C}"
EndProject
Project("{FAE04EC0-301F-11D3-BF4B-00C04F79EFBC}") = "ShiYanShi_Version.CSharp.Editor", "ShiYanShi_Version.CSharp.Editor.csproj", "{363BD4D3-F82D-0ADF-8A24-74A33A8459E7}"
EndProject
Global
	GlobalSection(SolutionConfigurationPlatforms) = preSolution
		Debug|Any CPU = Debug|Any CPU
		Release|Any CPU = Release|Any CPU
	EndGlobalSection
	GlobalSection(ProjectConfigurationPlatforms) = postSolution
		{399EF1BF-99D7-92E8-DD17-E496AC2BF30C}.Debug|Any CPU.ActiveCfg = Debug|Any CPU
		{399EF1BF-99D7-92E8-DD17-E496AC2BF30C}.Debug|Any CPU.Build.0 = Debug|Any CPU
		{399EF1BF-99D7-92E8-DD17-E496AC2BF30C}.Release|Any CPU.ActiveCfg = Release|Any CPU
		{399EF1BF-99D7-92E8-DD17-E496AC2BF30C}.Release|Any CPU.Build.0 = Release|Any CPU
		{363BD4D3-F82D-0ADF-8A24-74A33A8459E7}.Debug|Any CPU.ActiveCfg = Debug|Any CPU
		{363BD4D3-F82D-0ADF-8A24-74A33A8459E7}.Debug|Any CPU.Build.0 = Debug|Any CPU
		{363BD4D3-F82D-0ADF-8A24-74A33A8459E7}.Release|Any CPU.ActiveCfg = Release|Any CPU
		{363BD4D3-F82D-0ADF-8A24-74A33A8459E7}.Release|Any CPU.Build.0 = Release|Any CPU
	EndGlobalSection
	GlobalSection(SolutionProperties) = preSolution
		HideSolutionNode = FALSE
	EndGlobalSection
EndGlobal
