
Microsoft Visual Studio Solution File, Format Version 12.00
# Visual Studio 2013
Project("{FAE04EC0-301F-11D3-BF4B-00C04F79EFBC}") = "ShiYanShi_Test.CSharp", "ShiYanShi_Test.CSharp.csproj", "{64F5B9D1-7BE8-014D-C9AE-6597DAAB46C7}"
EndProject
Project("{FAE04EC0-301F-11D3-BF4B-00C04F79EFBC}") = "ShiYanShi_Test.CSharp.Editor", "ShiYanShi_Test.CSharp.Editor.csproj", "{FA5FFBFA-AC2F-5982-FE66-407EB9EF8285}"
EndProject
Global
	GlobalSection(SolutionConfigurationPlatforms) = preSolution
		Debug|Any CPU = Debug|Any CPU
		Release|Any CPU = Release|Any CPU
	EndGlobalSection
	GlobalSection(ProjectConfigurationPlatforms) = postSolution
		{64F5B9D1-7BE8-014D-C9AE-6597DAAB46C7}.Debug|Any CPU.ActiveCfg = Debug|Any CPU
		{64F5B9D1-7BE8-014D-C9AE-6597DAAB46C7}.Debug|Any CPU.Build.0 = Debug|Any CPU
		{64F5B9D1-7BE8-014D-C9AE-6597DAAB46C7}.Release|Any CPU.ActiveCfg = Release|Any CPU
		{64F5B9D1-7BE8-014D-C9AE-6597DAAB46C7}.Release|Any CPU.Build.0 = Release|Any CPU
		{FA5FFBFA-AC2F-5982-FE66-407EB9EF8285}.Debug|Any CPU.ActiveCfg = Debug|Any CPU
		{FA5FFBFA-AC2F-5982-FE66-407EB9EF8285}.Debug|Any CPU.Build.0 = Debug|Any CPU
		{FA5FFBFA-AC2F-5982-FE66-407EB9EF8285}.Release|Any CPU.ActiveCfg = Release|Any CPU
		{FA5FFBFA-AC2F-5982-FE66-407EB9EF8285}.Release|Any CPU.Build.0 = Release|Any CPU
	EndGlobalSection
	GlobalSection(SolutionProperties) = preSolution
		HideSolutionNode = FALSE
	EndGlobalSection
EndGlobal
