
Microsoft Visual Studio Solution File, Format Version 12.00
# Visual Studio 2013
Project("{FAE04EC0-301F-11D3-BF4B-00C04F79EFBC}") = "ShiYanShi.CSharp", "ShiYanShi.CSharp.csproj", "{0710ABE1-775C-35E4-3B71-A17DB06D65E8}"
EndProject
Project("{FAE04EC0-301F-11D3-BF4B-00C04F79EFBC}") = "ShiYanShi.CSharp.Editor", "ShiYanShi.CSharp.Editor.csproj", "{B3C481AF-412F-0097-8471-5BF9CE63C308}"
EndProject
Global
	GlobalSection(SolutionConfigurationPlatforms) = preSolution
		Debug|Any CPU = Debug|Any CPU
		Release|Any CPU = Release|Any CPU
	EndGlobalSection
	GlobalSection(ProjectConfigurationPlatforms) = postSolution
		{0710ABE1-775C-35E4-3B71-A17DB06D65E8}.Debug|Any CPU.ActiveCfg = Debug|Any CPU
		{0710ABE1-775C-35E4-3B71-A17DB06D65E8}.Debug|Any CPU.Build.0 = Debug|Any CPU
		{0710ABE1-775C-35E4-3B71-A17DB06D65E8}.Release|Any CPU.ActiveCfg = Release|Any CPU
		{0710ABE1-775C-35E4-3B71-A17DB06D65E8}.Release|Any CPU.Build.0 = Release|Any CPU
		{B3C481AF-412F-0097-8471-5BF9CE63C308}.Debug|Any CPU.ActiveCfg = Debug|Any CPU
		{B3C481AF-412F-0097-8471-5BF9CE63C308}.Debug|Any CPU.Build.0 = Debug|Any CPU
		{B3C481AF-412F-0097-8471-5BF9CE63C308}.Release|Any CPU.ActiveCfg = Release|Any CPU
		{B3C481AF-412F-0097-8471-5BF9CE63C308}.Release|Any CPU.Build.0 = Release|Any CPU
	EndGlobalSection
	GlobalSection(SolutionProperties) = preSolution
		HideSolutionNode = FALSE
	EndGlobalSection
EndGlobal
